
Microsoft Visual Studio Solution File, Format Version 12.00
# Visual Studio Version 17
VisualStudioVersion = 17.9.34622.214
MinimumVisualStudioVersion = 10.0.40219.1
Project("{FAE04EC0-301F-11D3-BF4B-00C04F79EFBC}") = "Image Processing", "Image Processing\Image Processing.csproj", "{F2A5C6C7-767E-49F7-9E43-0F44A72E43CF}"
EndProject
Project("{2150E333-8FDC-42A3-9474-1A3956D46DE8}") = "Solution Items", "Solution Items", "{4140A759-2678-4D09-9F6C-E41F3AE78E27}"
	ProjectSection(SolutionItems) = preProject
		.gitignore = .gitignore
	EndProjectSection
EndProject
Global
	GlobalSection(SolutionConfigurationPlatforms) = preSolution
		Debug|Any CPU = Debug|Any CPU
		Release|Any CPU = Release|Any CPU
	EndGlobalSection
	GlobalSection(ProjectConfigurationPlatforms) = postSolution
		{F2A5C6C7-767E-49F7-9E43-0F44A72E43CF}.Debug|Any CPU.ActiveCfg = Debug|Any CPU
		{F2A5C6C7-767E-49F7-9E43-0F44A72E43CF}.Debug|Any CPU.Build.0 = Debug|Any CPU
		{F2A5C6C7-767E-49F7-9E43-0F44A72E43CF}.Release|Any CPU.ActiveCfg = Release|Any CPU
		{F2A5C6C7-767E-49F7-9E43-0F44A72E43CF}.Release|Any CPU.Build.0 = Release|Any CPU
	EndGlobalSection
	GlobalSection(SolutionProperties) = preSolution
		HideSolutionNode = FALSE
	EndGlobalSection
	GlobalSection(ExtensibilityGlobals) = postSolution
		SolutionGuid = {0C4D88B2-C8DC-42FE-B680-E20AEF203786}
	EndGlobalSection
EndGlobal
